{
  "nodes": {
    "nixpkgs": {
      "locked": {
        "lastModified": 1622786510,
        "narHash": "sha256-jVw4d5ovCMLFc/hF7EDuVIqR14LPekjbW3jWLB8rLiU=",
        "owner": "nixos",
        "repo": "nixpkgs",
        "rev": "4c2e84394c0f372c019e941e95d6fbe21835719b",
        "type": "github"
      },
      "original": {
        "owner": "nixos",
        "ref": "nixos-21.05",
        "repo": "nixpkgs",
        "type": "github"
      }
    },
    "root": {
      "inputs": {
        "nixpkgs": "nixpkgs",
        "utils": "utils"
      }
    },
    "utils": {
      "locked": {
        "lastModified": 1622445595,
        "narHash": "sha256-m+JRe6Wc5OZ/mKw2bB3+Tl0ZbtyxxxfnAWln8Q5qs+Y=",
        "owner": "numtide",
        "repo": "flake-utils",
        "rev": "7d706970d94bc5559077eb1a6600afddcd25a7c8",
        "type": "github"
      },
      "original": {
        "owner": "numtide",
        "repo": "flake-utils",
        "type": "github"
      }
    }
  },
  "root": "root",
  "version": 7
}
